// !$*UTF8*$!
{
	archiveVersion = 1;
	classes = {
	};
	objectVersion = 50;
	objects = {

/* Begin PBXBuildFile section */
		86245E7E28E1EDA700ECAB95 /* CeldaPeliculaController.swift in Sources */ = {isa = PBXBuildFile; fileRef = 86245E7D28E1EDA700ECAB95 /* CeldaPeliculaController.swift */; };
		86245E8028E1FD3800ECAB95 /* DetallesPeliculaController.swift in Sources */ = {isa = PBXBuildFile; fileRef = 86245E7F28E1FD3800ECAB95 /* DetallesPeliculaController.swift */; };
		865113BA28DDF7DC00959303 /* AppDelegate.swift in Sources */ = {isa = PBXBuildFile; fileRef = 865113B928DDF7DC00959303 /* AppDelegate.swift */; };
		865113BC28DDF7DC00959303 /* PeliculasController.swift in Sources */ = {isa = PBXBuildFile; fileRef = 865113BB28DDF7DC00959303 /* PeliculasController.swift */; };
		865113BF28DDF7DC00959303 /* Main.storyboard in Resources */ = {isa = PBXBuildFile; fileRef = 865113BD28DDF7DC00959303 /* Main.storyboard */; };
		865113C128DDF7E200959303 /* Assets.xcassets in Resources */ = {isa = PBXBuildFile; fileRef = 865113C028DDF7E200959303 /* Assets.xcassets */; };
		865113C428DDF7E200959303 /* LaunchScreen.storyboard in Resources */ = {isa = PBXBuildFile; fileRef = 865113C228DDF7E200959303 /* LaunchScreen.storyboard */; };
		865113CC28DDFB4900959303 /* Pelicula.swift in Sources */ = {isa = PBXBuildFile; fileRef = 865113CB28DDFB4900959303 /* Pelicula.swift */; };
/* End PBXBuildFile section */

/* Begin PBXFileReference section */
		86245E7D28E1EDA700ECAB95 /* CeldaPeliculaController.swift */ = {isa = PBXFileReference; lastKnownFileType = sourcecode.swift; path = CeldaPeliculaController.swift; sourceTree = "<group>"; };
		86245E7F28E1FD3800ECAB95 /* DetallesPeliculaController.swift */ = {isa = PBXFileReference; lastKnownFileType = sourcecode.swift; path = DetallesPeliculaController.swift; sourceTree = "<group>"; };
		865113B628DDF7DC00959303 /* tableview.app */ = {isa = PBXFileReference; explicitFileType = wrapper.application; includeInIndex = 0; path = tableview.app; sourceTree = BUILT_PRODUCTS_DIR; };
		865113B928DDF7DC00959303 /* AppDelegate.swift */ = {isa = PBXFileReference; lastKnownFileType = sourcecode.swift; path = AppDelegate.swift; sourceTree = "<group>"; };
		865113BB28DDF7DC00959303 /* PeliculasController.swift */ = {isa = PBXFileReference; lastKnownFileType = sourcecode.swift; path = PeliculasController.swift; sourceTree = "<group>"; };
		865113BE28DDF7DC00959303 /* Base */ = {isa = PBXFileReference; lastKnownFileType = file.storyboard; name = Base; path = Base.lproj/Main.storyboard; sourceTree = "<group>"; };
		865113C028DDF7E200959303 /* Assets.xcassets */ = {isa = PBXFileReference; lastKnownFileType = folder.assetcatalog; path = Assets.xcassets; sourceTree = "<group>"; };
		865113C328DDF7E200959303 /* Base */ = {isa = PBXFileReference; lastKnownFileType = file.storyboard; name = Base; path = Base.lproj/LaunchScreen.storyboard; sourceTree = "<group>"; };
		865113C528DDF7E200959303 /* Info.plist */ = {isa = PBXFileReference; lastKnownFileType = text.plist.xml; path = Info.plist; sourceTree = "<group>"; };
		865113CB28DDFB4900959303 /* Pelicula.swift */ = {isa = PBXFileReference; lastKnownFileType = sourcecode.swift; path = Pelicula.swift; sourceTree = "<group>"; };
/* End PBXFileReference section */

/* Begin PBXFrameworksBuildPhase section */
		865113B328DDF7DB00959303 /* Frameworks */ = {
			isa = PBXFrameworksBuildPhase;
			buildActionMask = 2147483647;
			files = (
			);
			runOnlyForDeploymentPostprocessing = 0;
		};
/* End PBXFrameworksBuildPhase section */

/* Begin PBXGroup section */
		865113AD28DDF7DB00959303 = {
			isa = PBXGroup;
			children = (
				865113B828DDF7DC00959303 /* tableview */,
				865113B728DDF7DC00959303 /* Products */,
			);
			sourceTree = "<group>";
		};
		865113B728DDF7DC00959303 /* Products */ = {
			isa = PBXGroup;
			children = (
				865113B628DDF7DC00959303 /* tableview.app */,
			);
			name = Products;
			sourceTree = "<group>";
		};
		865113B828DDF7DC00959303 /* tableview */ = {
			isa = PBXGroup;
			children = (
				865113D128DE029000959303 /* Recursos */,
				865113D028DE028A00959303 /* App */,
				865113CF28DE028400959303 /* Controladores */,
				865113CE28DE027D00959303 /* Vistas */,
				865113CD28DE025000959303 /* Modelos */,
			);
			path = tableview;
			sourceTree = "<group>";
		};
		865113CD28DE025000959303 /* Modelos */ = {
			isa = PBXGroup;
			children = (
				865113CB28DDFB4900959303 /* Pelicula.swift */,
			);
			name = Modelos;
			sourceTree = "<group>";
		};
		865113CE28DE027D00959303 /* Vistas */ = {
			isa = PBXGroup;
			children = (
				865113BD28DDF7DC00959303 /* Main.storyboard */,
				865113C228DDF7E200959303 /* LaunchScreen.storyboard */,
			);
			name = Vistas;
			sourceTree = "<group>";
		};
		865113CF28DE028400959303 /* Controladores */ = {
			isa = PBXGroup;
			children = (
				865113BB28DDF7DC00959303 /* PeliculasController.swift */,
				86245E7D28E1EDA700ECAB95 /* CeldaPeliculaController.swift */,
				86245E7F28E1FD3800ECAB95 /* DetallesPeliculaController.swift */,
			);
			name = Controladores;
			sourceTree = "<group>";
		};
		865113D028DE028A00959303 /* App */ = {
			isa = PBXGroup;
			children = (
				865113C528DDF7E200959303 /* Info.plist */,
				865113B928DDF7DC00959303 /* AppDelegate.swift */,
			);
			name = App;
			sourceTree = "<group>";
		};
		865113D128DE029000959303 /* Recursos */ = {
			isa = PBXGroup;
			children = (
				865113C028DDF7E200959303 /* Assets.xcassets */,
			);
			name = Recursos;
			sourceTree = "<group>";
		};
/* End PBXGroup section */

/* Begin PBXNativeTarget section */
		865113B528DDF7DB00959303 /* tableview */ = {
			isa = PBXNativeTarget;
			buildConfigurationList = 865113C828DDF7E200959303 /* Build configuration list for PBXNativeTarget "tableview" */;
			buildPhases = (
				865113B228DDF7DB00959303 /* Sources */,
				865113B328DDF7DB00959303 /* Frameworks */,
				865113B428DDF7DB00959303 /* Resources */,
			);
			buildRules = (
			);
			dependencies = (
			);
			name = tableview;
			productName = tableview;
			productReference = 865113B628DDF7DC00959303 /* tableview.app */;
			productType = "com.apple.product-type.application";
		};
/* End PBXNativeTarget section */

/* Begin PBXProject section */
		865113AE28DDF7DB00959303 /* Project object */ = {
			isa = PBXProject;
			attributes = {
				LastSwiftUpdateCheck = 1030;
				LastUpgradeCheck = 1030;
				ORGANIZATIONNAME = MaestroD1;
				TargetAttributes = {
					865113B528DDF7DB00959303 = {
						CreatedOnToolsVersion = 10.3;
					};
				};
			};
			buildConfigurationList = 865113B128DDF7DB00959303 /* Build configuration list for PBXProject "tableview" */;
			compatibilityVersion = "Xcode 9.3";
			developmentRegion = en;
			hasScannedForEncodings = 0;
			knownRegions = (
				en,
				Base,
			);
			mainGroup = 865113AD28DDF7DB00959303;
			productRefGroup = 865113B728DDF7DC00959303 /* Products */;
			projectDirPath = "";
			projectRoot = "";
			targets = (
				865113B528DDF7DB00959303 /* tableview */,
			);
		};
/* End PBXProject section */

/* Begin PBXResourcesBuildPhase section */
		865113B428DDF7DB00959303 /* Resources */ = {
			isa = PBXResourcesBuildPhase;
			buildActionMask = 2147483647;
			files = (
				865113C428DDF7E200959303 /* LaunchScreen.storyboard in Resources */,
				865113C128DDF7E200959303 /* Assets.xcassets in Resources */,
				865113BF28DDF7DC00959303 /* Main.storyboard in Resources */,
			);
			runOnlyForDeploymentPostprocessing = 0;
		};
/* End PBXResourcesBuildPhase section */

/* Begin PBXSourcesBuildPhase section */
		865113B228DDF7DB00959303 /* Sources */ = {
			isa = PBXSourcesBuildPhase;
			buildActionMask = 2147483647;
			files = (
				86245E7E28E1EDA700ECAB95 /* CeldaPeliculaController.swift in Sources */,
				865113CC28DDFB4900959303 /* Pelicula.swift in Sources */,
				865113BC28DDF7DC00959303 /* PeliculasController.swift in Sources */,
				865113BA28DDF7DC00959303 /* AppDelegate.swift in Sources */,
				86245E8028E1FD3800ECAB95 /* DetallesPeliculaController.swift in Sources */,
			);
			runOnlyForDeploymentPostprocessing = 0;
		};
/* End PBXSourcesBuildPhase section */

/* Begin PBXVariantGroup section */
		865113BD28DDF7DC00959303 /* Main.storyboard */ = {
			isa = PBXVariantGroup;
			children = (
				865113BE28DDF7DC00959303 /* Base */,
			);
			name = Main.storyboard;
			sourceTree = "<group>";
		};
		865113C228DDF7E200959303 /* LaunchScreen.storyboard */ = {
			isa = PBXVariantGroup;
			children = (
				865113C328DDF7E200959303 /* Base */,
			);
			name = LaunchScreen.storyboard;
			sourceTree = "<group>";
		};
/* End PBXVariantGroup section */

/* Begin XCBuildConfiguration section */
		865113C628DDF7E200959303 /* Debug */ = {
			isa = XCBuildConfiguration;
			buildSettings = {
				ALWAYS_SEARCH_USER_PATHS = NO;
				CLANG_ANALYZER_NONNULL = YES;
				CLANG_ANALYZER_NUMBER_OBJECT_CONVERSION = YES_AGGRESSIVE;
				CLANG_CXX_LANGUAGE_STANDARD = "gnu++14";
				CLANG_CXX_LIBRARY = "libc++";
				CLANG_ENABLE_MODULES = YES;
				CLANG_ENABLE_OBJC_ARC = YES;
				CLANG_ENABLE_OBJC_WEAK = YES;
				CLANG_WARN_BLOCK_CAPTURE_AUTORELEASING = YES;
				CLANG_WARN_BOOL_CONVERSION = YES;
				CLANG_WARN_COMMA = YES;
				CLANG_WARN_CONSTANT_CONVERSION = YES;
				CLANG_WARN_DEPRECATED_OBJC_IMPLEMENTATIONS = YES;
				CLANG_WARN_DIRECT_OBJC_ISA_USAGE = YES_ERROR;
				CLANG_WARN_DOCUMENTATION_COMMENTS = YES;
				CLANG_WARN_EMPTY_BODY = YES;
				CLANG_WARN_ENUM_CONVERSION = YES;
				CLANG_WARN_INFINITE_RECURSION = YES;
				CLANG_WARN_INT_CONVERSION = YES;
				CLANG_WARN_NON_LITERAL_NULL_CONVERSION = YES;
				CLANG_WARN_OBJC_IMPLICIT_RETAIN_SELF = YES;
				CLANG_WARN_OBJC_LITERAL_CONVERSION = YES;
				CLANG_WARN_OBJC_ROOT_CLASS = YES_ERROR;
				CLANG_WARN_RANGE_LOOP_ANALYSIS = YES;
				CLANG_WARN_STRICT_PROTOTYPES = YES;
				CLANG_WARN_SUSPICIOUS_MOVE = YES;
				CLANG_WARN_UNGUARDED_AVAILABILITY = YES_AGGRESSIVE;
				CLANG_WARN_UNREACHABLE_CODE = YES;
				CLANG_WARN__DUPLICATE_METHOD_MATCH = YES;
				CODE_SIGN_IDENTITY = "iPhone Developer";
				COPY_PHASE_STRIP = NO;
				DEBUG_INFORMATION_FORMAT = dwarf;
				ENABLE_STRICT_OBJC_MSGSEND = YES;
				ENABLE_TESTABILITY = YES;
				GCC_C_LANGUAGE_STANDARD = gnu11;
				GCC_DYNAMIC_NO_PIC = NO;
				GCC_NO_COMMON_BLOCKS = YES;
				GCC_OPTIMIZATION_LEVEL = 0;
				GCC_PREPROCESSOR_DEFINITIONS = (
					"DEBUG=1",
					"$(inherited)",
				);
				GCC_WARN_64_TO_32_BIT_CONVERSION = YES;
				GCC_WARN_ABOUT_RETURN_TYPE = YES_ERROR;
				GCC_WARN_UNDECLARED_SELECTOR = YES;
				GCC_WARN_UNINITIALIZED_AUTOS = YES_AGGRESSIVE;
				GCC_WARN_UNUSED_FUNCTION = YES;
				GCC_WARN_UNUSED_VARIABLE = YES;
				IPHONEOS_DEPLOYMENT_TARGET = 12.4;
				MTL_ENABLE_DEBUG_INFO = INCLUDE_SOURCE;
				MTL_FAST_MATH = YES;
				ONLY_ACTIVE_ARCH = YES;
				SDKROOT = iphoneos;
				SWIFT_ACTIVE_COMPILATION_CONDITIONS = DEBUG;
				SWIFT_OPTIMIZATION_LEVEL = "-Onone";
			};
			name = Debug;
		};
		865113C728DDF7E200959303 /* Release */ = {
			isa = XCBuildConfiguration;
			buildSettings = {
				ALWAYS_SEARCH_USER_PATHS = NO;
				CLANG_ANALYZER_NONNULL = YES;
				CLANG_ANALYZER_NUMBER_OBJECT_CONVERSION = YES_AGGRESSIVE;
				CLANG_CXX_LANGUAGE_STANDARD = "gnu++14";
				CLANG_CXX_LIBRARY = "libc++";
				CLANG_ENABLE_MODULES = YES;
				CLANG_ENABLE_OBJC_ARC = YES;
				CLANG_ENABLE_OBJC_WEAK = YES;
				CLANG_WARN_BLOCK_CAPTURE_AUTORELEASING = YES;
				CLANG_WARN_BOOL_CONVERSION = YES;
				CLANG_WARN_COMMA = YES;
				CLANG_WARN_CONSTANT_CONVERSION = YES;
				CLANG_WARN_DEPRECATED_OBJC_IMPLEMENTATIONS = YES;
				CLANG_WARN_DIRECT_OBJC_ISA_USAGE = YES_ERROR;
				CLANG_WARN_DOCUMENTATION_COMMENTS = YES;
				CLANG_WARN_EMPTY_BODY = YES;
				CLANG_WARN_ENUM_CONVERSION = YES;
				CLANG_WARN_INFINITE_RECURSION = YES;
				CLANG_WARN_INT_CONVERSION = YES;
				CLANG_WARN_NON_LITERAL_NULL_CONVERSION = YES;
				CLANG_WARN_OBJC_IMPLICIT_RETAIN_SELF = YES;
				CLANG_WARN_OBJC_LITERAL_CONVERSION = YES;
				CLANG_WARN_OBJC_ROOT_CLASS = YES_ERROR;
				CLANG_WARN_RANGE_LOOP_ANALYSIS = YES;
				CLANG_WARN_STRICT_PROTOTYPES = YES;
				CLANG_WARN_SUSPICIOUS_MOVE = YES;
				CLANG_WARN_UNGUARDED_AVAILABILITY = YES_AGGRESSIVE;
				CLANG_WARN_UNREACHABLE_CODE = YES;
				CLANG_WARN__DUPLICATE_METHOD_MATCH = YES;
				CODE_SIGN_IDENTITY = "iPhone Developer";
				COPY_PHASE_STRIP = NO;
				DEBUG_INFORMATION_FORMAT = "dwarf-with-dsym";
				ENABLE_NS_ASSERTIONS = NO;
				ENABLE_STRICT_OBJC_MSGSEND = YES;
				GCC_C_LANGUAGE_STANDARD = gnu11;
				GCC_NO_COMMON_BLOCKS = YES;
				GCC_WARN_64_TO_32_BIT_CONVERSION = YES;
				GCC_WARN_ABOUT_RETURN_TYPE = YES_ERROR;
				GCC_WARN_UNDECLARED_SELECTOR = YES;
				GCC_WARN_UNINITIALIZED_AUTOS = YES_AGGRESSIVE;
				GCC_WARN_UNUSED_FUNCTION = YES;
				GCC_WARN_UNUSED_VARIABLE = YES;
				IPHONEOS_DEPLOYMENT_TARGET = 12.4;
				MTL_ENABLE_DEBUG_INFO = NO;
				MTL_FAST_MATH = YES;
				SDKROOT = iphoneos;
				SWIFT_COMPILATION_MODE = wholemodule;
				SWIFT_OPTIMIZATION_LEVEL = "-O";
				VALIDATE_PRODUCT = YES;
			};
			name = Release;
		};
		865113C928DDF7E200959303 /* Debug */ = {
			isa = XCBuildConfiguration;
			buildSettings = {
				ASSETCATALOG_COMPILER_APPICON_NAME = AppIcon;
				CODE_SIGN_STYLE = Automatic;
				INFOPLIST_FILE = tableview/Info.plist;
				LD_RUNPATH_SEARCH_PATHS = (
					"$(inherited)",
					"@executable_path/Frameworks",
				);
				PRODUCT_BUNDLE_IDENTIFIER = edu.ulsa.tableview;
				PRODUCT_NAME = "$(TARGET_NAME)";
				SWIFT_VERSION = 5.0;
				TARGETED_DEVICE_FAMILY = "1,2";
			};
			name = Debug;
		};
		865113CA28DDF7E200959303 /* Release */ = {
			isa = XCBuildConfiguration;
			buildSettings = {
				ASSETCATALOG_COMPILER_APPICON_NAME = AppIcon;
				CODE_SIGN_STYLE = Automatic;
				INFOPLIST_FILE = tableview/Info.plist;
				LD_RUNPATH_SEARCH_PATHS = (
					"$(inherited)",
					"@executable_path/Frameworks",
				);
				PRODUCT_BUNDLE_IDENTIFIER = edu.ulsa.tableview;
				PRODUCT_NAME = "$(TARGET_NAME)";
				SWIFT_VERSION = 5.0;
				TARGETED_DEVICE_FAMILY = "1,2";
			};
			name = Release;
		};
/* End XCBuildConfiguration section */

/* Begin XCConfigurationList section */
		865113B128DDF7DB00959303 /* Build configuration list for PBXProject "tableview" */ = {
			isa = XCConfigurationList;
			buildConfigurations = (
				865113C628DDF7E200959303 /* Debug */,
				865113C728DDF7E200959303 /* Release */,
			);
			defaultConfigurationIsVisible = 0;
			defaultConfigurationName = Release;
		};
		865113C828DDF7E200959303 /* Build configuration list for PBXNativeTarget "tableview" */ = {
			isa = XCConfigurationList;
			buildConfigurations = (
				865113C928DDF7E200959303 /* Debug */,
				865113CA28DDF7E200959303 /* Release */,
			);
			defaultConfigurationIsVisible = 0;
			defaultConfigurationName = Release;
		};
/* End XCConfigurationList section */
	};
	rootObject = 865113AE28DDF7DB00959303 /* Project object */;
}
